
Microsoft Visual Studio Solution File, Format Version 12.00
# Visual Studio Version 17
VisualStudioVersion = 17.8.34330.188
MinimumVisualStudioVersion = 10.0.40219.1
Project("{9A19103F-16F7-4668-BE54-9A1E7A4F7556}") = "GenspilTeam14", "Genspil2\GenspilTeam14.csproj", "{573F1AF9-E8AD-49A6-82CD-BD3E24475E1B}"
EndProject
Global
	GlobalSection(SolutionConfigurationPlatforms) = preSolution
		Debug|Any CPU = Debug|Any CPU
		Release|Any CPU = Release|Any CPU
	EndGlobalSection
	GlobalSection(ProjectConfigurationPlatforms) = postSolution
		{573F1AF9-E8AD-49A6-82CD-BD3E24475E1B}.Debug|Any CPU.ActiveCfg = Debug|Any CPU
		{573F1AF9-E8AD-49A6-82CD-BD3E24475E1B}.Debug|Any CPU.Build.0 = Debug|Any CPU
		{573F1AF9-E8AD-49A6-82CD-BD3E24475E1B}.Release|Any CPU.ActiveCfg = Release|Any CPU
		{573F1AF9-E8AD-49A6-82CD-BD3E24475E1B}.Release|Any CPU.Build.0 = Release|Any CPU
	EndGlobalSection
	GlobalSection(SolutionProperties) = preSolution
		HideSolutionNode = FALSE
	EndGlobalSection
	GlobalSection(ExtensibilityGlobals) = postSolution
		SolutionGuid = {F7F2CABC-C106-4924-AAD9-0CEC2EAD5601}
	EndGlobalSection
EndGlobal
